PODS:
  - AWSAppSync (3.0.0):
    - AWSCore (~> 2.12.0)
    - ReachabilitySwift (~> 5.0.0)
    - SQLite.swift (~> 0.12.2)
    - Starscream (~> 3.0.2)
  - AWSAuthCore (2.12.6):
    - AWSCore (= 2.12.6)
  - AWSCognito (2.12.6):
    - AWSCore (= 2.12.6)
  - AWSCognitoIdentityProvider (2.12.6):
    - AWSCognitoIdentityProviderASF (= 1.0.1)
    - AWSCore (= 2.12.6)
  - AWSCognitoIdentityProviderASF (1.0.1)
  - AWSCore (2.12.6)
  - AWSKinesisVideo (2.12.6):
    - AWSCore (= 2.12.6)
  - AWSMobileClient (2.12.6):
    - AWSAuthCore (= 2.12.6)
    - AWSCognitoIdentityProvider (= 2.12.6)
  - DropDown (2.3.13)
  - GoogleWebRTC (1.1.29400)
  - GrowingTextView (0.7.2)
  - IQKeyboardManagerSwift (6.5.5)
  - NVActivityIndicatorView (4.8.0):
    - NVActivityIndicatorView/Presenter (= 4.8.0)
  - NVActivityIndicatorView/Presenter (4.8.0)
  - QuickLayout (3.0.0)
  - ReachabilitySwift (5.0.0)
  - SQLite.swift (0.12.2):
    - SQLite.swift/standard (= 0.12.2)
  - SQLite.swift/standard (0.12.2)
  - Starscream (3.0.6)
  - SwiftDate (5.1.0)
  - SwiftEntryKit (1.2.3):
    - QuickLayout (= 3.0.0)
  - Toast-Swift (5.0.1)

DEPENDENCIES:
  - AWSAppSync
  - AWSCognito
  - AWSCognitoIdentityProvider
  - AWSKinesisVideo
  - AWSMobileClient
  - DropDown
  - GoogleWebRTC (~> 1.1)
  - GrowingTextView
  - IQKeyboardManagerSwift
  - NVActivityIndicatorView
  - SwiftDate (~> 5.0)
  - SwiftEntryKit (= 1.2.3)
  - Toast-Swift

SPEC REPOS:
  trunk:
    - AWSAppSync
    - AWSAuthCore
    - AWSCognito
    - AWSCognitoIdentityProvider
    - AWSCognitoIdentityProviderASF
    - AWSCore
    - AWSKinesisVideo
    - AWSMobileClient
    - DropDown
    - GoogleWebRTC
    - GrowingTextView
    - IQKeyboardManagerSwift
    - NVActivityIndicatorView
    - QuickLayout
    - ReachabilitySwift
    - SQLite.swift
    - Starscream
    - SwiftDate
    - SwiftEntryKit
    - Toast-Swift

SPEC CHECKSUMS:
  AWSAppSync: 04f615ce0c3a0c815b7bf1ca3d47362a22ed12ca
  AWSAuthCore: d981abe8fb987a1caa7ac6c76c428de12387dcf4
  AWSCognito: bad96ee62a670ae0e3d5b6cb93cff04154538272
  AWSCognitoIdentityProvider: 9502438e528185a2c61b97baf66e2fd2ac6833f3
  AWSCognitoIdentityProviderASF: f94f1a502e72ef3d0a1de93e10bf7a79c8698118
  AWSCore: 48bb8d477d8137377e86b2ade9eb34a761f42df5
  AWSKinesisVideo: e9a81a5d261fef241be982a325c2c13fd86bd6c7
  AWSMobileClient: d752ed540a75d45516c8d5b2054b3f3b6b9e7e65
  DropDown: 8a2116376c1981888557f72ec2ffc9a5e0e456ec
  GoogleWebRTC: cfb83bc346435a17fe06bb05f04ad826b858a7fb
  GrowingTextView: 876bf42005b5e4a4fd740597db12caaf41f0fe6c
  IQKeyboardManagerSwift: 0fb93310284665245591f50f7a5e38de615960b7
  NVActivityIndicatorView: d24b7ebcf80af5dcd994adb650e2b6c93379270f
  QuickLayout: 07b45a72b10083fee3f095990cfed1c1e7b27f0a
  ReachabilitySwift: 985039c6f7b23a1da463388634119492ff86c825
  SQLite.swift: d2b4642190917051ce6bd1d49aab565fe794eea3
  Starscream: ef3ece99d765eeccb67de105bfa143f929026cf5
  SwiftDate: 6329e58969a2de31cea7f1ee1143b247693196e7
  SwiftEntryKit: 340713c2e4a6662c5149629990bf1088bf5f0389
  Toast-Swift: 9b6a70f28b3bf0b96c40d46c0c4b9d6639846711

PODFILE CHECKSUM: 070229e681397796ff86e396933b34ea7cf55939

COCOAPODS: 1.8.4
