// !$*UTF8*$!
{
	archiveVersion = 1;
	classes = {
	};
	objectVersion = 51;
	objects = {

/* Begin PBXBuildFile section */
		3DA109329AF7A5AD00FFAF02 /* Pods_Clearkeep.framework in Frameworks */ = {isa = PBXBuildFile; fileRef = 0B97F7CF2B31FABCFE245444 /* Pods_Clearkeep.framework */; };
		855DE38421EC893000567D53 /* DetailViewController.swift in Sources */ = {isa = PBXBuildFile; fileRef = 855DE38321EC893000567D53 /* DetailViewController.swift */; };
		8562184A21E706B3004D53A7 /* AppDelegate.swift in Sources */ = {isa = PBXBuildFile; fileRef = 8562184921E706B3004D53A7 /* AppDelegate.swift */; };
		8562184C21E706B3004D53A7 /* LoginViewController.swift in Sources */ = {isa = PBXBuildFile; fileRef = 8562184B21E706B3004D53A7 /* LoginViewController.swift */; };
		8562184F21E706B3004D53A7 /* Main.storyboard in Resources */ = {isa = PBXBuildFile; fileRef = 8562184D21E706B3004D53A7 /* Main.storyboard */; };
		8562185121E706B5004D53A7 /* Assets.xcassets in Resources */ = {isa = PBXBuildFile; fileRef = 8562185021E706B5004D53A7 /* Assets.xcassets */; };
		8562185421E706B5004D53A7 /* LaunchScreen.storyboard in Resources */ = {isa = PBXBuildFile; fileRef = 8562185221E706B5004D53A7 /* LaunchScreen.storyboard */; };
		8562185D21E70B1F004D53A7 /* awsconfiguration.json in Resources */ = {isa = PBXBuildFile; fileRef = 8562185B21E70B1F004D53A7 /* awsconfiguration.json */; };
		8562186221E7387E004D53A7 /* RegisterViewController.swift in Sources */ = {isa = PBXBuildFile; fileRef = 8562186121E7387E004D53A7 /* RegisterViewController.swift */; };
		8562186421E73DA5004D53A7 /* ConfirmationViewController.swift in Sources */ = {isa = PBXBuildFile; fileRef = 8562186321E73DA5004D53A7 /* ConfirmationViewController.swift */; };
		8562186621E74703004D53A7 /* Switcher.swift in Sources */ = {isa = PBXBuildFile; fileRef = 8562186521E74703004D53A7 /* Switcher.swift */; };
		8562186821E748FE004D53A7 /* MasterViewController.swift in Sources */ = {isa = PBXBuildFile; fileRef = 8562186721E748FE004D53A7 /* MasterViewController.swift */; };
		8562186C21E75D6B004D53A7 /* Constants.swift in Sources */ = {isa = PBXBuildFile; fileRef = 8562186B21E75D6B004D53A7 /* Constants.swift */; };
		856DC99021EF4DF4003BEAAD /* SplashViewController.swift in Sources */ = {isa = PBXBuildFile; fileRef = 856DC98F21EF4DF4003BEAAD /* SplashViewController.swift */; };
		856DC99421F01C09003BEAAD /* BaseTableViewCell.swift in Sources */ = {isa = PBXBuildFile; fileRef = 856DC99221F01C09003BEAAD /* BaseTableViewCell.swift */; };
		856DC99521F01C09003BEAAD /* BaseViewController.swift in Sources */ = {isa = PBXBuildFile; fileRef = 856DC99321F01C09003BEAAD /* BaseViewController.swift */; };
		856DC99B21F01D4E003BEAAD /* ReceiverTextMessageCell.swift in Sources */ = {isa = PBXBuildFile; fileRef = 856DC99721F01D4E003BEAAD /* ReceiverTextMessageCell.swift */; };
		856DC99C21F01D4E003BEAAD /* ReceiverTextMessageCell.xib in Resources */ = {isa = PBXBuildFile; fileRef = 856DC99821F01D4E003BEAAD /* ReceiverTextMessageCell.xib */; };
		856DC99E21F01D4E003BEAAD /* SenderTextMessageCell.xib in Resources */ = {isa = PBXBuildFile; fileRef = 856DC99A21F01D4E003BEAAD /* SenderTextMessageCell.xib */; };
		8570377A23CAD10100DDCA01 /* API.swift in Sources */ = {isa = PBXBuildFile; fileRef = 8570377923CAD10100DDCA01 /* API.swift */; };
		85DE7F0A21F06DDC00F74D0D /* CQLError.swift in Sources */ = {isa = PBXBuildFile; fileRef = 85DE7F0921F06DDC00F74D0D /* CQLError.swift */; };
		85E1A18F21EDB3740097DA19 /* ChatNodeTextTableViewCell.swift in Sources */ = {isa = PBXBuildFile; fileRef = 85E1A18E21EDB3740097DA19 /* ChatNodeTextTableViewCell.swift */; };
		85E1A19121EDB9A50097DA19 /* Session.swift in Sources */ = {isa = PBXBuildFile; fileRef = 85E1A19021EDB9A50097DA19 /* Session.swift */; };
		AAB3DBBE21F0407B00B22A78 /* LoadingView.swift in Sources */ = {isa = PBXBuildFile; fileRef = AAB3DBBD21F0407B00B22A78 /* LoadingView.swift */; };
		AAB3DBC121F16B0C00B22A78 /* ForgotPasswordViewControlller.swift in Sources */ = {isa = PBXBuildFile; fileRef = AAB3DBC021F16B0C00B22A78 /* ForgotPasswordViewControlller.swift */; };
		AAB3DBC421F16B5F00B22A78 /* ConfirmForgotPasswordViewController.swift in Sources */ = {isa = PBXBuildFile; fileRef = AAB3DBC321F16B5F00B22A78 /* ConfirmForgotPasswordViewController.swift */; };
		B209961B23D5555500098678 /* Date+Extension.swift in Sources */ = {isa = PBXBuildFile; fileRef = B209961A23D5555500098678 /* Date+Extension.swift */; };
		B209961D23D5566200098678 /* String+Extension.swift in Sources */ = {isa = PBXBuildFile; fileRef = B209961C23D5566200098678 /* String+Extension.swift */; };
		B209961F23D5AAFD00098678 /* CustomScrollView.swift in Sources */ = {isa = PBXBuildFile; fileRef = B209961E23D5AAFD00098678 /* CustomScrollView.swift */; };
		B226ABDE23CE1FEB00BEC69C /* Utils.swift in Sources */ = {isa = PBXBuildFile; fileRef = B226ABDD23CE1FEB00BEC69C /* Utils.swift */; };
		B226ABE123CE21EE00BEC69C /* ConfirmationScreen.swift in Sources */ = {isa = PBXBuildFile; fileRef = B226ABE023CE21EE00BEC69C /* ConfirmationScreen.swift */; };
		B226ABE423CE221300BEC69C /* ConfirmationViewModel.swift in Sources */ = {isa = PBXBuildFile; fileRef = B226ABE323CE221300BEC69C /* ConfirmationViewModel.swift */; };
		B22E236A23CC47B200D63F77 /* LoginScreen.swift in Sources */ = {isa = PBXBuildFile; fileRef = B22E236923CC47B200D63F77 /* LoginScreen.swift */; };
		B22E236D23CC497300D63F77 /* FlatTextField.swift in Sources */ = {isa = PBXBuildFile; fileRef = B22E236C23CC497300D63F77 /* FlatTextField.swift */; };
		B22E237123CC4A4600D63F77 /* LoginViewModel.swift in Sources */ = {isa = PBXBuildFile; fileRef = B22E237023CC4A4600D63F77 /* LoginViewModel.swift */; };
		B22E237423CC4C9C00D63F77 /* TextFieldModifier.swift in Sources */ = {isa = PBXBuildFile; fileRef = B22E237323CC4C9C00D63F77 /* TextFieldModifier.swift */; };
		B22E237623CC4D3100D63F77 /* ButtonModifier.swift in Sources */ = {isa = PBXBuildFile; fileRef = B22E237523CC4D3100D63F77 /* ButtonModifier.swift */; };
		B22E237923CC5B2900D63F77 /* TabbarScreen.swift in Sources */ = {isa = PBXBuildFile; fileRef = B22E237823CC5B2900D63F77 /* TabbarScreen.swift */; };
		B26A3D6323CD95F100FAAC0D /* DetailConversationScreen.swift in Sources */ = {isa = PBXBuildFile; fileRef = B26A3D6223CD95F100FAAC0D /* DetailConversationScreen.swift */; };
		B26A3D6523CDA9AF00FAAC0D /* MessageItemView.swift in Sources */ = {isa = PBXBuildFile; fileRef = B26A3D6423CDA9AF00FAAC0D /* MessageItemView.swift */; };
		B26A3D6823CDADC000FAAC0D /* DetailConversationViewModel.swift in Sources */ = {isa = PBXBuildFile; fileRef = B26A3D6723CDADC000FAAC0D /* DetailConversationViewModel.swift */; };
		B26A3D6C23CDB86800FAAC0D /* RegisterScreen.swift in Sources */ = {isa = PBXBuildFile; fileRef = B26A3D6B23CDB86800FAAC0D /* RegisterScreen.swift */; };
		B26A3D6E23CDB87C00FAAC0D /* RegisterViewModel.swift in Sources */ = {isa = PBXBuildFile; fileRef = B26A3D6D23CDB87C00FAAC0D /* RegisterViewModel.swift */; };
		B26A3D7023CDB8C500FAAC0D /* CountryPicker.swift in Sources */ = {isa = PBXBuildFile; fileRef = B26A3D6F23CDB8C500FAAC0D /* CountryPicker.swift */; };
		B26A3D7223CDB8CA00FAAC0D /* PhoneCodeModel.swift in Sources */ = {isa = PBXBuildFile; fileRef = B26A3D7123CDB8CA00FAAC0D /* PhoneCodeModel.swift */; };
		B26A3D7423CDC76000FAAC0D /* MessageUtils.swift in Sources */ = {isa = PBXBuildFile; fileRef = B26A3D7323CDC76000FAAC0D /* MessageUtils.swift */; };
		B2701F8123CC759E001DC21C /* ContactScreen.swift in Sources */ = {isa = PBXBuildFile; fileRef = B2701F8023CC759E001DC21C /* ContactScreen.swift */; };
		B2701F8323CC75A9001DC21C /* ProfileScreen.swift in Sources */ = {isa = PBXBuildFile; fileRef = B2701F8223CC75A9001DC21C /* ProfileScreen.swift */; };
		B2701F8523CC7977001DC21C /* Extension.swift in Sources */ = {isa = PBXBuildFile; fileRef = B2701F8423CC7977001DC21C /* Extension.swift */; };
		B283DEFB23D69F7D0045690D /* ForgotPasswordScreen.swift in Sources */ = {isa = PBXBuildFile; fileRef = B283DEFA23D69F7D0045690D /* ForgotPasswordScreen.swift */; };
		B283DEFE23D6A2D20045690D /* ConfirmForgotPassScreen.swift in Sources */ = {isa = PBXBuildFile; fileRef = B283DEFD23D6A2D20045690D /* ConfirmForgotPassScreen.swift */; };
		B284350323D80067008CC363 /* UserItemView.swift in Sources */ = {isa = PBXBuildFile; fileRef = B284350123D80067008CC363 /* UserItemView.swift */; };
		B2B226FA23D1A1BC00420C8E /* KeyboardManager.swift in Sources */ = {isa = PBXBuildFile; fileRef = B2B226F923D1A1BC00420C8E /* KeyboardManager.swift */; };
		B2BA299223D0663A005E79EA /* GrowTextView.swift in Sources */ = {isa = PBXBuildFile; fileRef = B2BA299123D06639005E79EA /* GrowTextView.swift */; };
		B2BA299423D06999005E79EA /* SplashScreen.swift in Sources */ = {isa = PBXBuildFile; fileRef = B2BA299323D06999005E79EA /* SplashScreen.swift */; };
		B2BA299823D06B57005E79EA /* CreateConversationPopup.swift in Sources */ = {isa = PBXBuildFile; fileRef = B2BA299723D06B57005E79EA /* CreateConversationPopup.swift */; };
		B2BA299A23D06B6F005E79EA /* ConversationScreen.swift in Sources */ = {isa = PBXBuildFile; fileRef = B2BA299923D06B6F005E79EA /* ConversationScreen.swift */; };
		B2BA299D23D06CEC005E79EA /* ContactViewModel.swift in Sources */ = {isa = PBXBuildFile; fileRef = B2BA299C23D06CEC005E79EA /* ContactViewModel.swift */; };
		B2C935D823CD6C6B00202204 /* ChatConversationItemView.swift in Sources */ = {isa = PBXBuildFile; fileRef = B2C935D723CD6C6B00202204 /* ChatConversationItemView.swift */; };
		B2C935DA23CD6CB500202204 /* ConversationViewModel.swift in Sources */ = {isa = PBXBuildFile; fileRef = B2C935D923CD6CB500202204 /* ConversationViewModel.swift */; };
		B2CC719123D7EEFF00163620 /* ListContactView.swift in Sources */ = {isa = PBXBuildFile; fileRef = B2CC719023D7EEFF00163620 /* ListContactView.swift */; };
		B2CC719423D7EF3A00163620 /* ListContactViewModel.swift in Sources */ = {isa = PBXBuildFile; fileRef = B2CC719323D7EF3A00163620 /* ListContactViewModel.swift */; };
/* End PBXBuildFile section */

/* Begin PBXFileReference section */
		0B97F7CF2B31FABCFE245444 /* Pods_Clearkeep.framework */ = {isa = PBXFileReference; explicitFileType = wrapper.framework; includeInIndex = 0; path = Pods_Clearkeep.framework; sourceTree = BUILT_PRODUCTS_DIR; };
		432AD3C8DCE125E3B64D2618 /* Pods-ChatQL.debug.xcconfig */ = {isa = PBXFileReference; includeInIndex = 1; lastKnownFileType = text.xcconfig; name = "Pods-ChatQL.debug.xcconfig"; path = "Pods/Target Support Files/Pods-ChatQL/Pods-ChatQL.debug.xcconfig"; sourceTree = "<group>"; };
		563E6DDB53E02CC23B40DD4E /* Pods-ChatQL.release.xcconfig */ = {isa = PBXFileReference; includeInIndex = 1; lastKnownFileType = text.xcconfig; name = "Pods-ChatQL.release.xcconfig"; path = "Pods/Target Support Files/Pods-ChatQL/Pods-ChatQL.release.xcconfig"; sourceTree = "<group>"; };
		855DE38321EC893000567D53 /* DetailViewController.swift */ = {isa = PBXFileReference; lastKnownFileType = sourcecode.swift; path = DetailViewController.swift; sourceTree = "<group>"; };
		8562184621E706B3004D53A7 /* Clearkeep v2.app */ = {isa = PBXFileReference; explicitFileType = wrapper.application; includeInIndex = 0; path = "Clearkeep v2.app"; sourceTree = BUILT_PRODUCTS_DIR; };
		8562184921E706B3004D53A7 /* AppDelegate.swift */ = {isa = PBXFileReference; lastKnownFileType = sourcecode.swift; path = AppDelegate.swift; sourceTree = "<group>"; };
		8562184B21E706B3004D53A7 /* LoginViewController.swift */ = {isa = PBXFileReference; lastKnownFileType = sourcecode.swift; path = LoginViewController.swift; sourceTree = "<group>"; };
		8562184E21E706B3004D53A7 /* Base */ = {isa = PBXFileReference; lastKnownFileType = file.storyboard; name = Base; path = Base.lproj/Main.storyboard; sourceTree = "<group>"; };
		8562185021E706B5004D53A7 /* Assets.xcassets */ = {isa = PBXFileReference; lastKnownFileType = folder.assetcatalog; path = Assets.xcassets; sourceTree = "<group>"; };
		8562185321E706B5004D53A7 /* Base */ = {isa = PBXFileReference; lastKnownFileType = file.storyboard; name = Base; path = Base.lproj/LaunchScreen.storyboard; sourceTree = "<group>"; };
		8562185521E706B5004D53A7 /* Info.plist */ = {isa = PBXFileReference; lastKnownFileType = text.plist.xml; path = Info.plist; sourceTree = "<group>"; };
		8562185B21E70B1F004D53A7 /* awsconfiguration.json */ = {isa = PBXFileReference; fileEncoding = 4; lastKnownFileType = text.json; path = awsconfiguration.json; sourceTree = SOURCE_ROOT; };
		8562186121E7387E004D53A7 /* RegisterViewController.swift */ = {isa = PBXFileReference; lastKnownFileType = sourcecode.swift; path = RegisterViewController.swift; sourceTree = "<group>"; };
		8562186321E73DA5004D53A7 /* ConfirmationViewController.swift */ = {isa = PBXFileReference; lastKnownFileType = sourcecode.swift; path = ConfirmationViewController.swift; sourceTree = "<group>"; };
		8562186521E74703004D53A7 /* Switcher.swift */ = {isa = PBXFileReference; lastKnownFileType = sourcecode.swift; path = Switcher.swift; sourceTree = "<group>"; };
		8562186721E748FE004D53A7 /* MasterViewController.swift */ = {isa = PBXFileReference; lastKnownFileType = sourcecode.swift; path = MasterViewController.swift; sourceTree = "<group>"; };
		8562186B21E75D6B004D53A7 /* Constants.swift */ = {isa = PBXFileReference; lastKnownFileType = sourcecode.swift; path = Constants.swift; sourceTree = "<group>"; };
		856DC98F21EF4DF4003BEAAD /* SplashViewController.swift */ = {isa = PBXFileReference; lastKnownFileType = sourcecode.swift; path = SplashViewController.swift; sourceTree = "<group>"; };
		856DC99221F01C09003BEAAD /* BaseTableViewCell.swift */ = {isa = PBXFileReference; fileEncoding = 4; lastKnownFileType = sourcecode.swift; path = BaseTableViewCell.swift; sourceTree = "<group>"; };
		856DC99321F01C09003BEAAD /* BaseViewController.swift */ = {isa = PBXFileReference; fileEncoding = 4; lastKnownFileType = sourcecode.swift; path = BaseViewController.swift; sourceTree = "<group>"; };
		856DC99721F01D4E003BEAAD /* ReceiverTextMessageCell.swift */ = {isa = PBXFileReference; fileEncoding = 4; lastKnownFileType = sourcecode.swift; path = ReceiverTextMessageCell.swift; sourceTree = "<group>"; };
		856DC99821F01D4E003BEAAD /* ReceiverTextMessageCell.xib */ = {isa = PBXFileReference; fileEncoding = 4; lastKnownFileType = file.xib; path = ReceiverTextMessageCell.xib; sourceTree = "<group>"; };
		856DC99A21F01D4E003BEAAD /* SenderTextMessageCell.xib */ = {isa = PBXFileReference; fileEncoding = 4; lastKnownFileType = file.xib; path = SenderTextMessageCell.xib; sourceTree = "<group>"; };
		8570377923CAD10100DDCA01 /* API.swift */ = {isa = PBXFileReference; fileEncoding = 4; lastKnownFileType = sourcecode.swift; path = API.swift; sourceTree = SOURCE_ROOT; };
		85DE7F0921F06DDC00F74D0D /* CQLError.swift */ = {isa = PBXFileReference; lastKnownFileType = sourcecode.swift; path = CQLError.swift; sourceTree = "<group>"; };
		85E1A18E21EDB3740097DA19 /* ChatNodeTextTableViewCell.swift */ = {isa = PBXFileReference; lastKnownFileType = sourcecode.swift; path = ChatNodeTextTableViewCell.swift; sourceTree = "<group>"; };
		85E1A19021EDB9A50097DA19 /* Session.swift */ = {isa = PBXFileReference; lastKnownFileType = sourcecode.swift; path = Session.swift; sourceTree = "<group>"; };
		AAB3DBBD21F0407B00B22A78 /* LoadingView.swift */ = {isa = PBXFileReference; fileEncoding = 4; lastKnownFileType = sourcecode.swift; path = LoadingView.swift; sourceTree = "<group>"; };
		AAB3DBC021F16B0C00B22A78 /* ForgotPasswordViewControlller.swift */ = {isa = PBXFileReference; lastKnownFileType = sourcecode.swift; path = ForgotPasswordViewControlller.swift; sourceTree = "<group>"; };
		AAB3DBC321F16B5F00B22A78 /* ConfirmForgotPasswordViewController.swift */ = {isa = PBXFileReference; lastKnownFileType = sourcecode.swift; path = ConfirmForgotPasswordViewController.swift; sourceTree = "<group>"; };
		B209961A23D5555500098678 /* Date+Extension.swift */ = {isa = PBXFileReference; lastKnownFileType = sourcecode.swift; path = "Date+Extension.swift"; sourceTree = "<group>"; };
		B209961C23D5566200098678 /* String+Extension.swift */ = {isa = PBXFileReference; lastKnownFileType = sourcecode.swift; path = "String+Extension.swift"; sourceTree = "<group>"; };
		B209961E23D5AAFD00098678 /* CustomScrollView.swift */ = {isa = PBXFileReference; lastKnownFileType = sourcecode.swift; path = CustomScrollView.swift; sourceTree = "<group>"; };
		B226ABDD23CE1FEB00BEC69C /* Utils.swift */ = {isa = PBXFileReference; lastKnownFileType = sourcecode.swift; path = Utils.swift; sourceTree = "<group>"; };
		B226ABE023CE21EE00BEC69C /* ConfirmationScreen.swift */ = {isa = PBXFileReference; fileEncoding = 4; lastKnownFileType = sourcecode.swift; path = ConfirmationScreen.swift; sourceTree = "<group>"; };
		B226ABE323CE221300BEC69C /* ConfirmationViewModel.swift */ = {isa = PBXFileReference; fileEncoding = 4; lastKnownFileType = sourcecode.swift; path = ConfirmationViewModel.swift; sourceTree = "<group>"; };
		B22E236923CC47B200D63F77 /* LoginScreen.swift */ = {isa = PBXFileReference; lastKnownFileType = sourcecode.swift; path = LoginScreen.swift; sourceTree = "<group>"; };
		B22E236C23CC497300D63F77 /* FlatTextField.swift */ = {isa = PBXFileReference; lastKnownFileType = sourcecode.swift; path = FlatTextField.swift; sourceTree = "<group>"; };
		B22E237023CC4A4600D63F77 /* LoginViewModel.swift */ = {isa = PBXFileReference; fileEncoding = 4; lastKnownFileType = sourcecode.swift; path = LoginViewModel.swift; sourceTree = "<group>"; };
		B22E237323CC4C9C00D63F77 /* TextFieldModifier.swift */ = {isa = PBXFileReference; lastKnownFileType = sourcecode.swift; path = TextFieldModifier.swift; sourceTree = "<group>"; };
		B22E237523CC4D3100D63F77 /* ButtonModifier.swift */ = {isa = PBXFileReference; lastKnownFileType = sourcecode.swift; path = ButtonModifier.swift; sourceTree = "<group>"; };
		B22E237823CC5B2900D63F77 /* TabbarScreen.swift */ = {isa = PBXFileReference; lastKnownFileType = sourcecode.swift; path = TabbarScreen.swift; sourceTree = "<group>"; };
		B26A3D6223CD95F100FAAC0D /* DetailConversationScreen.swift */ = {isa = PBXFileReference; lastKnownFileType = sourcecode.swift; path = DetailConversationScreen.swift; sourceTree = "<group>"; };
		B26A3D6423CDA9AF00FAAC0D /* MessageItemView.swift */ = {isa = PBXFileReference; fileEncoding = 4; lastKnownFileType = sourcecode.swift; path = MessageItemView.swift; sourceTree = "<group>"; };
		B26A3D6723CDADC000FAAC0D /* DetailConversationViewModel.swift */ = {isa = PBXFileReference; fileEncoding = 4; lastKnownFileType = sourcecode.swift; path = DetailConversationViewModel.swift; sourceTree = "<group>"; };
		B26A3D6B23CDB86800FAAC0D /* RegisterScreen.swift */ = {isa = PBXFileReference; fileEncoding = 4; lastKnownFileType = sourcecode.swift; path = RegisterScreen.swift; sourceTree = "<group>"; };
		B26A3D6D23CDB87C00FAAC0D /* RegisterViewModel.swift */ = {isa = PBXFileReference; fileEncoding = 4; lastKnownFileType = sourcecode.swift; path = RegisterViewModel.swift; sourceTree = "<group>"; };
		B26A3D6F23CDB8C500FAAC0D /* CountryPicker.swift */ = {isa = PBXFileReference; fileEncoding = 4; lastKnownFileType = sourcecode.swift; path = CountryPicker.swift; sourceTree = "<group>"; };
		B26A3D7123CDB8CA00FAAC0D /* PhoneCodeModel.swift */ = {isa = PBXFileReference; fileEncoding = 4; lastKnownFileType = sourcecode.swift; path = PhoneCodeModel.swift; sourceTree = "<group>"; };
		B26A3D7323CDC76000FAAC0D /* MessageUtils.swift */ = {isa = PBXFileReference; lastKnownFileType = sourcecode.swift; path = MessageUtils.swift; sourceTree = "<group>"; };
		B2701F8023CC759E001DC21C /* ContactScreen.swift */ = {isa = PBXFileReference; lastKnownFileType = sourcecode.swift; path = ContactScreen.swift; sourceTree = "<group>"; };
		B2701F8223CC75A9001DC21C /* ProfileScreen.swift */ = {isa = PBXFileReference; lastKnownFileType = sourcecode.swift; path = ProfileScreen.swift; sourceTree = "<group>"; };
		B2701F8423CC7977001DC21C /* Extension.swift */ = {isa = PBXFileReference; lastKnownFileType = sourcecode.swift; path = Extension.swift; sourceTree = "<group>"; };
		B283DEFA23D69F7D0045690D /* ForgotPasswordScreen.swift */ = {isa = PBXFileReference; lastKnownFileType = sourcecode.swift; path = ForgotPasswordScreen.swift; sourceTree = "<group>"; };
		B283DEFD23D6A2D20045690D /* ConfirmForgotPassScreen.swift */ = {isa = PBXFileReference; lastKnownFileType = sourcecode.swift; path = ConfirmForgotPassScreen.swift; sourceTree = "<group>"; };
		B284350123D80067008CC363 /* UserItemView.swift */ = {isa = PBXFileReference; fileEncoding = 4; lastKnownFileType = sourcecode.swift; name = UserItemView.swift; path = Clearkeep/SwiftUI/Screens/Contact/UserItemView.swift; sourceTree = SOURCE_ROOT; };
		B2B226F923D1A1BC00420C8E /* KeyboardManager.swift */ = {isa = PBXFileReference; lastKnownFileType = sourcecode.swift; path = KeyboardManager.swift; sourceTree = "<group>"; };
		B2BA299123D06639005E79EA /* GrowTextView.swift */ = {isa = PBXFileReference; fileEncoding = 4; lastKnownFileType = sourcecode.swift; path = GrowTextView.swift; sourceTree = "<group>"; };
		B2BA299323D06999005E79EA /* SplashScreen.swift */ = {isa = PBXFileReference; fileEncoding = 4; lastKnownFileType = sourcecode.swift; name = SplashScreen.swift; path = Clearkeep/SwiftUI/Screens/Login/SplashScreen.swift; sourceTree = SOURCE_ROOT; };
		B2BA299723D06B57005E79EA /* CreateConversationPopup.swift */ = {isa = PBXFileReference; fileEncoding = 4; lastKnownFileType = sourcecode.swift; path = CreateConversationPopup.swift; sourceTree = "<group>"; };
		B2BA299923D06B6F005E79EA /* ConversationScreen.swift */ = {isa = PBXFileReference; fileEncoding = 4; lastKnownFileType = sourcecode.swift; path = ConversationScreen.swift; sourceTree = "<group>"; };
		B2BA299C23D06CEC005E79EA /* ContactViewModel.swift */ = {isa = PBXFileReference; lastKnownFileType = sourcecode.swift; path = ContactViewModel.swift; sourceTree = "<group>"; };
		B2C935D723CD6C6B00202204 /* ChatConversationItemView.swift */ = {isa = PBXFileReference; fileEncoding = 4; lastKnownFileType = sourcecode.swift; path = ChatConversationItemView.swift; sourceTree = "<group>"; };
		B2C935D923CD6CB500202204 /* ConversationViewModel.swift */ = {isa = PBXFileReference; fileEncoding = 4; lastKnownFileType = sourcecode.swift; path = ConversationViewModel.swift; sourceTree = "<group>"; };
		B2CC719023D7EEFF00163620 /* ListContactView.swift */ = {isa = PBXFileReference; lastKnownFileType = sourcecode.swift; path = ListContactView.swift; sourceTree = "<group>"; };
		B2CC719323D7EF3A00163620 /* ListContactViewModel.swift */ = {isa = PBXFileReference; lastKnownFileType = sourcecode.swift; path = ListContactViewModel.swift; sourceTree = "<group>"; };
		BB35FD990B0F992C49100749 /* Pods-Clearkeep.debug.xcconfig */ = {isa = PBXFileReference; includeInIndex = 1; lastKnownFileType = text.xcconfig; name = "Pods-Clearkeep.debug.xcconfig"; path = "Pods/Target Support Files/Pods-Clearkeep/Pods-Clearkeep.debug.xcconfig"; sourceTree = "<group>"; };
		EF3489B7E4111C5F61185490 /* Pods-Clearkeep.release.xcconfig */ = {isa = PBXFileReference; includeInIndex = 1; lastKnownFileType = text.xcconfig; name = "Pods-Clearkeep.release.xcconfig"; path = "Pods/Target Support Files/Pods-Clearkeep/Pods-Clearkeep.release.xcconfig"; sourceTree = "<group>"; };
/* End PBXFileReference section */

/* Begin PBXFrameworksBuildPhase section */
		8562184321E706B3004D53A7 /* Frameworks */ = {
			isa = PBXFrameworksBuildPhase;
			buildActionMask = 2147483647;
			files = (
				3DA109329AF7A5AD00FFAF02 /* Pods_Clearkeep.framework in Frameworks */,
			);
			runOnlyForDeploymentPostprocessing = 0;
		};
/* End PBXFrameworksBuildPhase section */

/* Begin PBXGroup section */
		8562183D21E706B3004D53A7 = {
			isa = PBXGroup;
			children = (
				8562184821E706B3004D53A7 /* Clearkeep */,
				8562184721E706B3004D53A7 /* Products */,
				A517F056FFF0077D1DDE349C /* Pods */,
				B9094B545BFE044A8999A56B /* Frameworks */,
			);
			sourceTree = "<group>";
		};
		8562184721E706B3004D53A7 /* Products */ = {
			isa = PBXGroup;
			children = (
				8562184621E706B3004D53A7 /* Clearkeep v2.app */,
			);
			name = Products;
			sourceTree = "<group>";
		};
		8562184821E706B3004D53A7 /* Clearkeep */ = {
			isa = PBXGroup;
			children = (
				B209961923D5554200098678 /* Extensions */,
				B22E236723CC478600D63F77 /* SwiftUI */,
				8562186F21E8498B004D53A7 /* SourceCode */,
				8562186E21E84982004D53A7 /* Share */,
				8562186D21E84979004D53A7 /* Resources */,
				8562185B21E70B1F004D53A7 /* awsconfiguration.json */,
				8570377923CAD10100DDCA01 /* API.swift */,
				8562185521E706B5004D53A7 /* Info.plist */,
			);
			path = Clearkeep;
			sourceTree = "<group>";
		};
		8562186D21E84979004D53A7 /* Resources */ = {
			isa = PBXGroup;
			children = (
				8562184D21E706B3004D53A7 /* Main.storyboard */,
				8562185021E706B5004D53A7 /* Assets.xcassets */,
				8562185221E706B5004D53A7 /* LaunchScreen.storyboard */,
			);
			path = Resources;
			sourceTree = "<group>";
		};
		8562186E21E84982004D53A7 /* Share */ = {
			isa = PBXGroup;
			children = (
				B2B226F923D1A1BC00420C8E /* KeyboardManager.swift */,
				AAB3DBBD21F0407B00B22A78 /* LoadingView.swift */,
				85DE7F0921F06DDC00F74D0D /* CQLError.swift */,
				856DC99121F01C09003BEAAD /* Base */,
				8562184921E706B3004D53A7 /* AppDelegate.swift */,
				8562186521E74703004D53A7 /* Switcher.swift */,
				8562186B21E75D6B004D53A7 /* Constants.swift */,
				B26A3D7323CDC76000FAAC0D /* MessageUtils.swift */,
				B226ABDD23CE1FEB00BEC69C /* Utils.swift */,
			);
			path = Share;
			sourceTree = "<group>";
		};
		8562186F21E8498B004D53A7 /* SourceCode */ = {
			isa = PBXGroup;
			children = (
				AAB3DBC221F16B3F00B22A78 /* ConfirmForgotPassword */,
				AAB3DBBF21F16AA400B22A78 /* ForgotPassword */,
				856DC99621F01D4E003BEAAD /* Cells */,
				8562184B21E706B3004D53A7 /* LoginViewController.swift */,
				8562186121E7387E004D53A7 /* RegisterViewController.swift */,
				8562186321E73DA5004D53A7 /* ConfirmationViewController.swift */,
				8562186721E748FE004D53A7 /* MasterViewController.swift */,
				855DE38321EC893000567D53 /* DetailViewController.swift */,
				85E1A18E21EDB3740097DA19 /* ChatNodeTextTableViewCell.swift */,
				85E1A19021EDB9A50097DA19 /* Session.swift */,
				856DC98F21EF4DF4003BEAAD /* SplashViewController.swift */,
			);
			path = SourceCode;
			sourceTree = "<group>";
		};
		856DC99121F01C09003BEAAD /* Base */ = {
			isa = PBXGroup;
			children = (
				856DC99221F01C09003BEAAD /* BaseTableViewCell.swift */,
				856DC99321F01C09003BEAAD /* BaseViewController.swift */,
			);
			path = Base;
			sourceTree = "<group>";
		};
		856DC99621F01D4E003BEAAD /* Cells */ = {
			isa = PBXGroup;
			children = (
				856DC99721F01D4E003BEAAD /* ReceiverTextMessageCell.swift */,
				856DC99821F01D4E003BEAAD /* ReceiverTextMessageCell.xib */,
				856DC99A21F01D4E003BEAAD /* SenderTextMessageCell.xib */,
			);
			path = Cells;
			sourceTree = "<group>";
		};
		A517F056FFF0077D1DDE349C /* Pods */ = {
			isa = PBXGroup;
			children = (
				432AD3C8DCE125E3B64D2618 /* Pods-ChatQL.debug.xcconfig */,
				563E6DDB53E02CC23B40DD4E /* Pods-ChatQL.release.xcconfig */,
				BB35FD990B0F992C49100749 /* Pods-Clearkeep.debug.xcconfig */,
				EF3489B7E4111C5F61185490 /* Pods-Clearkeep.release.xcconfig */,
			);
			name = Pods;
			sourceTree = "<group>";
		};
		AAB3DBBF21F16AA400B22A78 /* ForgotPassword */ = {
			isa = PBXGroup;
			children = (
				AAB3DBC021F16B0C00B22A78 /* ForgotPasswordViewControlller.swift */,
			);
			path = ForgotPassword;
			sourceTree = "<group>";
		};
		AAB3DBC221F16B3F00B22A78 /* ConfirmForgotPassword */ = {
			isa = PBXGroup;
			children = (
				AAB3DBC321F16B5F00B22A78 /* ConfirmForgotPasswordViewController.swift */,
			);
			path = ConfirmForgotPassword;
			sourceTree = "<group>";
		};
		B209961923D5554200098678 /* Extensions */ = {
			isa = PBXGroup;
			children = (
				B2701F8423CC7977001DC21C /* Extension.swift */,
				B209961A23D5555500098678 /* Date+Extension.swift */,
				B209961C23D5566200098678 /* String+Extension.swift */,
			);
			path = Extensions;
			sourceTree = "<group>";
		};
		B226ABDF23CE21DB00BEC69C /* Confirm */ = {
			isa = PBXGroup;
			children = (
				B226ABE223CE220600BEC69C /* viewModel */,
				B226ABE023CE21EE00BEC69C /* ConfirmationScreen.swift */,
			);
			path = Confirm;
			sourceTree = "<group>";
		};
		B226ABE223CE220600BEC69C /* viewModel */ = {
			isa = PBXGroup;
			children = (
				B226ABE323CE221300BEC69C /* ConfirmationViewModel.swift */,
			);
			path = viewModel;
			sourceTree = "<group>";
		};
		B22E236723CC478600D63F77 /* SwiftUI */ = {
			isa = PBXGroup;
			children = (
				B22E237223CC4C7500D63F77 /* ModifierView */,
				B22E236B23CC495C00D63F77 /* BaseComponents */,
				B22E236823CC47A000D63F77 /* Screens */,
			);
			path = SwiftUI;
			sourceTree = "<group>";
		};
		B22E236823CC47A000D63F77 /* Screens */ = {
			isa = PBXGroup;
			children = (
				B2CC718F23D7EEDC00163620 /* AddUser */,
				B283DEF923D69F640045690D /* ForgotPassword */,
				B226ABDF23CE21DB00BEC69C /* Confirm */,
				B26A3D6A23CDB84B00FAAC0D /* Register */,
				B26A3D6123CD95E000FAAC0D /* Detail */,
				B2701F7F23CC758E001DC21C /* Profile */,
				B2701F7E23CC7588001DC21C /* Contact */,
				B22E237A23CC5B4000D63F77 /* Conversation */,
				B22E237723CC5B1C00D63F77 /* Tabbar */,
				B22E236E23CC4A3100D63F77 /* Login */,
			);
			path = Screens;
			sourceTree = "<group>";
		};
		B22E236B23CC495C00D63F77 /* BaseComponents */ = {
			isa = PBXGroup;
			children = (
				B2BA299723D06B57005E79EA /* CreateConversationPopup.swift */,
				B2BA299123D06639005E79EA /* GrowTextView.swift */,
				B22E236C23CC497300D63F77 /* FlatTextField.swift */,
				B209961E23D5AAFD00098678 /* CustomScrollView.swift */,
			);
			path = BaseComponents;
			sourceTree = "<group>";
		};
		B22E236E23CC4A3100D63F77 /* Login */ = {
			isa = PBXGroup;
			children = (
				B22E236F23CC4A3800D63F77 /* viewModel */,
				B22E236923CC47B200D63F77 /* LoginScreen.swift */,
				B2BA299323D06999005E79EA /* SplashScreen.swift */,
			);
			path = Login;
			sourceTree = "<group>";
		};
		B22E236F23CC4A3800D63F77 /* viewModel */ = {
			isa = PBXGroup;
			children = (
				B22E237023CC4A4600D63F77 /* LoginViewModel.swift */,
			);
			path = viewModel;
			sourceTree = "<group>";
		};
		B22E237223CC4C7500D63F77 /* ModifierView */ = {
			isa = PBXGroup;
			children = (
				B22E237323CC4C9C00D63F77 /* TextFieldModifier.swift */,
				B22E237523CC4D3100D63F77 /* ButtonModifier.swift */,
			);
			path = ModifierView;
			sourceTree = "<group>";
		};
		B22E237723CC5B1C00D63F77 /* Tabbar */ = {
			isa = PBXGroup;
			children = (
				B22E237823CC5B2900D63F77 /* TabbarScreen.swift */,
			);
			path = Tabbar;
			sourceTree = "<group>";
		};
		B22E237A23CC5B4000D63F77 /* Conversation */ = {
			isa = PBXGroup;
			children = (
				B26A3D6923CDAECF00FAAC0D /* viewModel */,
				B2C935D723CD6C6B00202204 /* ChatConversationItemView.swift */,
				B2BA299923D06B6F005E79EA /* ConversationScreen.swift */,
			);
			path = Conversation;
			sourceTree = "<group>";
		};
		B26A3D6123CD95E000FAAC0D /* Detail */ = {
			isa = PBXGroup;
			children = (
				B26A3D6623CDADA900FAAC0D /* viewModel */,
				B26A3D6223CD95F100FAAC0D /* DetailConversationScreen.swift */,
				B26A3D6423CDA9AF00FAAC0D /* MessageItemView.swift */,
			);
			path = Detail;
			sourceTree = "<group>";
		};
		B26A3D6623CDADA900FAAC0D /* viewModel */ = {
			isa = PBXGroup;
			children = (
				B26A3D6723CDADC000FAAC0D /* DetailConversationViewModel.swift */,
			);
			path = viewModel;
			sourceTree = "<group>";
		};
		B26A3D6923CDAECF00FAAC0D /* viewModel */ = {
			isa = PBXGroup;
			children = (
				B2C935D923CD6CB500202204 /* ConversationViewModel.swift */,
			);
			path = viewModel;
			sourceTree = "<group>";
		};
		B26A3D6A23CDB84B00FAAC0D /* Register */ = {
			isa = PBXGroup;
			children = (
				B26A3D7123CDB8CA00FAAC0D /* PhoneCodeModel.swift */,
				B26A3D6F23CDB8C500FAAC0D /* CountryPicker.swift */,
				B26A3D6D23CDB87C00FAAC0D /* RegisterViewModel.swift */,
				B26A3D6B23CDB86800FAAC0D /* RegisterScreen.swift */,
			);
			path = Register;
			sourceTree = "<group>";
		};
		B2701F7E23CC7588001DC21C /* Contact */ = {
			isa = PBXGroup;
			children = (
				B2BA299B23D06CDC005E79EA /* viewModel */,
				B2701F8023CC759E001DC21C /* ContactScreen.swift */,
				B284350123D80067008CC363 /* UserItemView.swift */,
			);
			path = Contact;
			sourceTree = "<group>";
		};
		B2701F7F23CC758E001DC21C /* Profile */ = {
			isa = PBXGroup;
			children = (
				B2701F8223CC75A9001DC21C /* ProfileScreen.swift */,
			);
			path = Profile;
			sourceTree = "<group>";
		};
		B283DEF923D69F640045690D /* ForgotPassword */ = {
			isa = PBXGroup;
			children = (
				B283DEFC23D6A2BC0045690D /* ConfirmForgot */,
				B283DEFA23D69F7D0045690D /* ForgotPasswordScreen.swift */,
			);
			path = ForgotPassword;
			sourceTree = "<group>";
		};
		B283DEFC23D6A2BC0045690D /* ConfirmForgot */ = {
			isa = PBXGroup;
			children = (
				B283DEFD23D6A2D20045690D /* ConfirmForgotPassScreen.swift */,
			);
			path = ConfirmForgot;
			sourceTree = "<group>";
		};
		B2BA299B23D06CDC005E79EA /* viewModel */ = {
			isa = PBXGroup;
			children = (
				B2BA299C23D06CEC005E79EA /* ContactViewModel.swift */,
			);
			path = viewModel;
			sourceTree = "<group>";
		};
		B2CC718F23D7EEDC00163620 /* AddUser */ = {
			isa = PBXGroup;
			children = (
				B2CC719223D7EF2C00163620 /* viewModel */,
				B2CC719023D7EEFF00163620 /* ListContactView.swift */,
			);
			path = AddUser;
			sourceTree = "<group>";
		};
		B2CC719223D7EF2C00163620 /* viewModel */ = {
			isa = PBXGroup;
			children = (
				B2CC719323D7EF3A00163620 /* ListContactViewModel.swift */,
			);
			path = viewModel;
			sourceTree = "<group>";
		};
		B9094B545BFE044A8999A56B /* Frameworks */ = {
			isa = PBXGroup;
			children = (
				0B97F7CF2B31FABCFE245444 /* Pods_Clearkeep.framework */,
			);
			name = Frameworks;
			sourceTree = "<group>";
		};
/* End PBXGroup section */

/* Begin PBXNativeTarget section */
		8562184521E706B3004D53A7 /* Clearkeep */ = {
			isa = PBXNativeTarget;
			buildConfigurationList = 8562185821E706B5004D53A7 /* Build configuration list for PBXNativeTarget "Clearkeep" */;
			buildPhases = (
				2B43FE9F1E29C2BC252B45D8 /* [CP] Check Pods Manifest.lock */,
				8562184221E706B3004D53A7 /* Sources */,
				8562184321E706B3004D53A7 /* Frameworks */,
				8562184421E706B3004D53A7 /* Resources */,
				748F2E215DCCEE9989557CD3 /* [CP] Embed Pods Frameworks */,
			);
			buildRules = (
			);
			dependencies = (
			);
			name = Clearkeep;
			productName = ChatQL;
			productReference = 8562184621E706B3004D53A7 /* Clearkeep v2.app */;
			productType = "com.apple.product-type.application";
		};
/* End PBXNativeTarget section */

/* Begin PBXProject section */
		8562183E21E706B3004D53A7 /* Project object */ = {
			isa = PBXProject;
			attributes = {
				LastSwiftUpdateCheck = 1010;
				LastUpgradeCheck = 1010;
				ORGANIZATIONNAME = "Pham Hoa";
				TargetAttributes = {
					8562184521E706B3004D53A7 = {
						CreatedOnToolsVersion = 10.1;
					};
				};
			};
			buildConfigurationList = 8562184121E706B3004D53A7 /* Build configuration list for PBXProject "Clearkeep" */;
			compatibilityVersion = "Xcode 9.3";
			developmentRegion = en;
			hasScannedForEncodings = 0;
			knownRegions = (
				en,
				Base,
			);
			mainGroup = 8562183D21E706B3004D53A7;
			productRefGroup = 8562184721E706B3004D53A7 /* Products */;
			projectDirPath = "";
			projectRoot = "";
			targets = (
				8562184521E706B3004D53A7 /* Clearkeep */,
			);
		};
/* End PBXProject section */

/* Begin PBXResourcesBuildPhase section */
		8562184421E706B3004D53A7 /* Resources */ = {
			isa = PBXResourcesBuildPhase;
			buildActionMask = 2147483647;
			files = (
				856DC99C21F01D4E003BEAAD /* ReceiverTextMessageCell.xib in Resources */,
				8562185D21E70B1F004D53A7 /* awsconfiguration.json in Resources */,
				8562185421E706B5004D53A7 /* LaunchScreen.storyboard in Resources */,
				8562185121E706B5004D53A7 /* Assets.xcassets in Resources */,
				8562184F21E706B3004D53A7 /* Main.storyboard in Resources */,
				856DC99E21F01D4E003BEAAD /* SenderTextMessageCell.xib in Resources */,
			);
			runOnlyForDeploymentPostprocessing = 0;
		};
/* End PBXResourcesBuildPhase section */

/* Begin PBXShellScriptBuildPhase section */
		2B43FE9F1E29C2BC252B45D8 /* [CP] Check Pods Manifest.lock */ = {
			isa = PBXShellScriptBuildPhase;
			buildActionMask = 2147483647;
			files = (
			);
			inputPaths = (
				"${PODS_PODFILE_DIR_PATH}/Podfile.lock",
				"${PODS_ROOT}/Manifest.lock",
			);
			name = "[CP] Check Pods Manifest.lock";
			outputPaths = (
				"$(DERIVED_FILE_DIR)/Pods-Clearkeep-checkManifestLockResult.txt",
			);
			runOnlyForDeploymentPostprocessing = 0;
			shellPath = /bin/sh;
			shellScript = "diff \"${PODS_PODFILE_DIR_PATH}/Podfile.lock\" \"${PODS_ROOT}/Manifest.lock\" > /dev/null\nif [ $? != 0 ] ; then\n    # print error to STDERR\n    echo \"error: The sandbox is not in sync with the Podfile.lock. Run 'pod install' or update your CocoaPods installation.\" >&2\n    exit 1\nfi\n# This output is used by Xcode 'outputs' to avoid re-running this script phase.\necho \"SUCCESS\" > \"${SCRIPT_OUTPUT_FILE_0}\"\n";
			showEnvVarsInLog = 0;
		};
		748F2E215DCCEE9989557CD3 /* [CP] Embed Pods Frameworks */ = {
			isa = PBXShellScriptBuildPhase;
			buildActionMask = 2147483647;
			files = (
			);
			inputFileListPaths = (
				"${PODS_ROOT}/Target Support Files/Pods-Clearkeep/Pods-Clearkeep-frameworks-${CONFIGURATION}-input-files.xcfilelist",
			);
			name = "[CP] Embed Pods Frameworks";
			outputFileListPaths = (
				"${PODS_ROOT}/Target Support Files/Pods-Clearkeep/Pods-Clearkeep-frameworks-${CONFIGURATION}-output-files.xcfilelist",
			);
			runOnlyForDeploymentPostprocessing = 0;
			shellPath = /bin/sh;
			shellScript = "\"${PODS_ROOT}/Target Support Files/Pods-Clearkeep/Pods-Clearkeep-frameworks.sh\"\n";
			showEnvVarsInLog = 0;
		};
/* End PBXShellScriptBuildPhase section */

/* Begin PBXSourcesBuildPhase section */
		8562184221E706B3004D53A7 /* Sources */ = {
			isa = PBXSourcesBuildPhase;
			buildActionMask = 2147483647;
			files = (
				B2C935DA23CD6CB500202204 /* ConversationViewModel.swift in Sources */,
				8562186421E73DA5004D53A7 /* ConfirmationViewController.swift in Sources */,
				8570377A23CAD10100DDCA01 /* API.swift in Sources */,
				B22E237123CC4A4600D63F77 /* LoginViewModel.swift in Sources */,
				B26A3D6523CDA9AF00FAAC0D /* MessageItemView.swift in Sources */,
				8562184C21E706B3004D53A7 /* LoginViewController.swift in Sources */,
				B22E236D23CC497300D63F77 /* FlatTextField.swift in Sources */,
				85E1A18F21EDB3740097DA19 /* ChatNodeTextTableViewCell.swift in Sources */,
				85DE7F0A21F06DDC00F74D0D /* CQLError.swift in Sources */,
				AAB3DBBE21F0407B00B22A78 /* LoadingView.swift in Sources */,
				8562186221E7387E004D53A7 /* RegisterViewController.swift in Sources */,
				B2BA299823D06B57005E79EA /* CreateConversationPopup.swift in Sources */,
				B2BA299D23D06CEC005E79EA /* ContactViewModel.swift in Sources */,
				B226ABE123CE21EE00BEC69C /* ConfirmationScreen.swift in Sources */,
				B22E237423CC4C9C00D63F77 /* TextFieldModifier.swift in Sources */,
				B2B226FA23D1A1BC00420C8E /* KeyboardManager.swift in Sources */,
				B26A3D6323CD95F100FAAC0D /* DetailConversationScreen.swift in Sources */,
				8562186621E74703004D53A7 /* Switcher.swift in Sources */,
				856DC99521F01C09003BEAAD /* BaseViewController.swift in Sources */,
				B2BA299423D06999005E79EA /* SplashScreen.swift in Sources */,
				B22E236A23CC47B200D63F77 /* LoginScreen.swift in Sources */,
				B284350323D80067008CC363 /* UserItemView.swift in Sources */,
				B209961D23D5566200098678 /* String+Extension.swift in Sources */,
				B2701F8123CC759E001DC21C /* ContactScreen.swift in Sources */,
				B226ABDE23CE1FEB00BEC69C /* Utils.swift in Sources */,
				856DC99021EF4DF4003BEAAD /* SplashViewController.swift in Sources */,
				B2701F8323CC75A9001DC21C /* ProfileScreen.swift in Sources */,
				8562184A21E706B3004D53A7 /* AppDelegate.swift in Sources */,
				B226ABE423CE221300BEC69C /* ConfirmationViewModel.swift in Sources */,
				B2CC719123D7EEFF00163620 /* ListContactView.swift in Sources */,
				B26A3D7223CDB8CA00FAAC0D /* PhoneCodeModel.swift in Sources */,
				85E1A19121EDB9A50097DA19 /* Session.swift in Sources */,
				B22E237923CC5B2900D63F77 /* TabbarScreen.swift in Sources */,
				8562186821E748FE004D53A7 /* MasterViewController.swift in Sources */,
				B26A3D7423CDC76000FAAC0D /* MessageUtils.swift in Sources */,
				AAB3DBC121F16B0C00B22A78 /* ForgotPasswordViewControlller.swift in Sources */,
				B283DEFE23D6A2D20045690D /* ConfirmForgotPassScreen.swift in Sources */,
				B2C935D823CD6C6B00202204 /* ChatConversationItemView.swift in Sources */,
				B26A3D6E23CDB87C00FAAC0D /* RegisterViewModel.swift in Sources */,
				B22E237623CC4D3100D63F77 /* ButtonModifier.swift in Sources */,
				855DE38421EC893000567D53 /* DetailViewController.swift in Sources */,
				856DC99421F01C09003BEAAD /* BaseTableViewCell.swift in Sources */,
				B26A3D6C23CDB86800FAAC0D /* RegisterScreen.swift in Sources */,
				B283DEFB23D69F7D0045690D /* ForgotPasswordScreen.swift in Sources */,
				B209961B23D5555500098678 /* Date+Extension.swift in Sources */,
				B2BA299223D0663A005E79EA /* GrowTextView.swift in Sources */,
				B26A3D6823CDADC000FAAC0D /* DetailConversationViewModel.swift in Sources */,
				B209961F23D5AAFD00098678 /* CustomScrollView.swift in Sources */,
				B2CC719423D7EF3A00163620 /* ListContactViewModel.swift in Sources */,
				8562186C21E75D6B004D53A7 /* Constants.swift in Sources */,
				856DC99B21F01D4E003BEAAD /* ReceiverTextMessageCell.swift in Sources */,
				B2701F8523CC7977001DC21C /* Extension.swift in Sources */,
				B26A3D7023CDB8C500FAAC0D /* CountryPicker.swift in Sources */,
				B2BA299A23D06B6F005E79EA /* ConversationScreen.swift in Sources */,
				AAB3DBC421F16B5F00B22A78 /* ConfirmForgotPasswordViewController.swift in Sources */,
			);
			runOnlyForDeploymentPostprocessing = 0;
		};
/* End PBXSourcesBuildPhase section */

/* Begin PBXVariantGroup section */
		8562184D21E706B3004D53A7 /* Main.storyboard */ = {
			isa = PBXVariantGroup;
			children = (
				8562184E21E706B3004D53A7 /* Base */,
			);
			name = Main.storyboard;
			sourceTree = "<group>";
		};
		8562185221E706B5004D53A7 /* LaunchScreen.storyboard */ = {
			isa = PBXVariantGroup;
			children = (
				8562185321E706B5004D53A7 /* Base */,
			);
			name = LaunchScreen.storyboard;
			sourceTree = "<group>";
		};
/* End PBXVariantGroup section */

/* Begin XCBuildConfiguration section */
		8562185621E706B5004D53A7 /* Debug */ = {
			isa = XCBuildConfiguration;
			buildSettings = {
				ALWAYS_SEARCH_USER_PATHS = NO;
				CLANG_ANALYZER_NONNULL = YES;
				CLANG_ANALYZER_NUMBER_OBJECT_CONVERSION = YES_AGGRESSIVE;
				CLANG_CXX_LANGUAGE_STANDARD = "gnu++14";
				CLANG_CXX_LIBRARY = "libc++";
				CLANG_ENABLE_MODULES = YES;
				CLANG_ENABLE_OBJC_ARC = YES;
				CLANG_ENABLE_OBJC_WEAK = YES;
				CLANG_WARN_BLOCK_CAPTURE_AUTORELEASING = YES;
				CLANG_WARN_BOOL_CONVERSION = YES;
				CLANG_WARN_COMMA = YES;
				CLANG_WARN_CONSTANT_CONVERSION = YES;
				CLANG_WARN_DEPRECATED_OBJC_IMPLEMENTATIONS = YES;
				CLANG_WARN_DIRECT_OBJC_ISA_USAGE = YES_ERROR;
				CLANG_WARN_DOCUMENTATION_COMMENTS = YES;
				CLANG_WARN_EMPTY_BODY = YES;
				CLANG_WARN_ENUM_CONVERSION = YES;
				CLANG_WARN_INFINITE_RECURSION = YES;
				CLANG_WARN_INT_CONVERSION = YES;
				CLANG_WARN_NON_LITERAL_NULL_CONVERSION = YES;
				CLANG_WARN_OBJC_IMPLICIT_RETAIN_SELF = YES;
				CLANG_WARN_OBJC_LITERAL_CONVERSION = YES;
				CLANG_WARN_OBJC_ROOT_CLASS = YES_ERROR;
				CLANG_WARN_RANGE_LOOP_ANALYSIS = YES;
				CLANG_WARN_STRICT_PROTOTYPES = YES;
				CLANG_WARN_SUSPICIOUS_MOVE = YES;
				CLANG_WARN_UNGUARDED_AVAILABILITY = YES_AGGRESSIVE;
				CLANG_WARN_UNREACHABLE_CODE = YES;
				CLANG_WARN__DUPLICATE_METHOD_MATCH = YES;
				CODE_SIGN_IDENTITY = "iPhone Developer";
				COPY_PHASE_STRIP = NO;
				DEBUG_INFORMATION_FORMAT = dwarf;
				ENABLE_STRICT_OBJC_MSGSEND = YES;
				ENABLE_TESTABILITY = YES;
				GCC_C_LANGUAGE_STANDARD = gnu11;
				GCC_DYNAMIC_NO_PIC = NO;
				GCC_NO_COMMON_BLOCKS = YES;
				GCC_OPTIMIZATION_LEVEL = 0;
				GCC_PREPROCESSOR_DEFINITIONS = (
					"DEBUG=1",
					"$(inherited)",
				);
				GCC_WARN_64_TO_32_BIT_CONVERSION = YES;
				GCC_WARN_ABOUT_RETURN_TYPE = YES_ERROR;
				GCC_WARN_UNDECLARED_SELECTOR = YES;
				GCC_WARN_UNINITIALIZED_AUTOS = YES_AGGRESSIVE;
				GCC_WARN_UNUSED_FUNCTION = YES;
				GCC_WARN_UNUSED_VARIABLE = YES;
				IPHONEOS_DEPLOYMENT_TARGET = 13.0;
				MTL_ENABLE_DEBUG_INFO = INCLUDE_SOURCE;
				MTL_FAST_MATH = YES;
				ONLY_ACTIVE_ARCH = YES;
				SDKROOT = iphoneos;
				SWIFT_ACTIVE_COMPILATION_CONDITIONS = DEBUG;
				SWIFT_OPTIMIZATION_LEVEL = "-Onone";
			};
			name = Debug;
		};
		8562185721E706B5004D53A7 /* Release */ = {
			isa = XCBuildConfiguration;
			buildSettings = {
				ALWAYS_SEARCH_USER_PATHS = NO;
				CLANG_ANALYZER_NONNULL = YES;
				CLANG_ANALYZER_NUMBER_OBJECT_CONVERSION = YES_AGGRESSIVE;
				CLANG_CXX_LANGUAGE_STANDARD = "gnu++14";
				CLANG_CXX_LIBRARY = "libc++";
				CLANG_ENABLE_MODULES = YES;
				CLANG_ENABLE_OBJC_ARC = YES;
				CLANG_ENABLE_OBJC_WEAK = YES;
				CLANG_WARN_BLOCK_CAPTURE_AUTORELEASING = YES;
				CLANG_WARN_BOOL_CONVERSION = YES;
				CLANG_WARN_COMMA = YES;
				CLANG_WARN_CONSTANT_CONVERSION = YES;
				CLANG_WARN_DEPRECATED_OBJC_IMPLEMENTATIONS = YES;
				CLANG_WARN_DIRECT_OBJC_ISA_USAGE = YES_ERROR;
				CLANG_WARN_DOCUMENTATION_COMMENTS = YES;
				CLANG_WARN_EMPTY_BODY = YES;
				CLANG_WARN_ENUM_CONVERSION = YES;
				CLANG_WARN_INFINITE_RECURSION = YES;
				CLANG_WARN_INT_CONVERSION = YES;
				CLANG_WARN_NON_LITERAL_NULL_CONVERSION = YES;
				CLANG_WARN_OBJC_IMPLICIT_RETAIN_SELF = YES;
				CLANG_WARN_OBJC_LITERAL_CONVERSION = YES;
				CLANG_WARN_OBJC_ROOT_CLASS = YES_ERROR;
				CLANG_WARN_RANGE_LOOP_ANALYSIS = YES;
				CLANG_WARN_STRICT_PROTOTYPES = YES;
				CLANG_WARN_SUSPICIOUS_MOVE = YES;
				CLANG_WARN_UNGUARDED_AVAILABILITY = YES_AGGRESSIVE;
				CLANG_WARN_UNREACHABLE_CODE = YES;
				CLANG_WARN__DUPLICATE_METHOD_MATCH = YES;
				CODE_SIGN_IDENTITY = "iPhone Developer";
				COPY_PHASE_STRIP = NO;
				DEBUG_INFORMATION_FORMAT = "dwarf-with-dsym";
				ENABLE_NS_ASSERTIONS = NO;
				ENABLE_STRICT_OBJC_MSGSEND = YES;
				GCC_C_LANGUAGE_STANDARD = gnu11;
				GCC_NO_COMMON_BLOCKS = YES;
				GCC_WARN_64_TO_32_BIT_CONVERSION = YES;
				GCC_WARN_ABOUT_RETURN_TYPE = YES_ERROR;
				GCC_WARN_UNDECLARED_SELECTOR = YES;
				GCC_WARN_UNINITIALIZED_AUTOS = YES_AGGRESSIVE;
				GCC_WARN_UNUSED_FUNCTION = YES;
				GCC_WARN_UNUSED_VARIABLE = YES;
				IPHONEOS_DEPLOYMENT_TARGET = 13.0;
				MTL_ENABLE_DEBUG_INFO = NO;
				MTL_FAST_MATH = YES;
				SDKROOT = iphoneos;
				SWIFT_COMPILATION_MODE = wholemodule;
				SWIFT_OPTIMIZATION_LEVEL = "-O";
				VALIDATE_PRODUCT = YES;
			};
			name = Release;
		};
		8562185921E706B5004D53A7 /* Debug */ = {
			isa = XCBuildConfiguration;
			baseConfigurationReference = BB35FD990B0F992C49100749 /* Pods-Clearkeep.debug.xcconfig */;
			buildSettings = {
				ASSETCATALOG_COMPILER_APPICON_NAME = AppIcon;
				CODE_SIGN_IDENTITY = "Apple Development";
				CODE_SIGN_STYLE = Automatic;
				DEVELOPMENT_TEAM = H4C7478UQW;
				INFOPLIST_FILE = "$(SRCROOT)/Clearkeep/Info.plist";
				IPHONEOS_DEPLOYMENT_TARGET = 13.0;
				LD_RUNPATH_SEARCH_PATHS = (
					"$(inherited)",
					"@executable_path/Frameworks",
				);
				PRODUCT_BUNDLE_IDENTIFIER = com.telred.clearkeep2.ios.dev;
				PRODUCT_NAME = "Clearkeep v2";
				PROVISIONING_PROFILE_SPECIFIER = "";
				SWIFT_VERSION = 4.2;
				TARGETED_DEVICE_FAMILY = 1;
			};
			name = Debug;
		};
		8562185A21E706B5004D53A7 /* Release */ = {
			isa = XCBuildConfiguration;
			baseConfigurationReference = EF3489B7E4111C5F61185490 /* Pods-Clearkeep.release.xcconfig */;
			buildSettings = {
				ASSETCATALOG_COMPILER_APPICON_NAME = AppIcon;
				CODE_SIGN_IDENTITY = "Apple Development";
				CODE_SIGN_STYLE = Automatic;
				DEVELOPMENT_TEAM = H4C7478UQW;
				INFOPLIST_FILE = "$(SRCROOT)/Clearkeep/Info.plist";
				IPHONEOS_DEPLOYMENT_TARGET = 13.0;
				LD_RUNPATH_SEARCH_PATHS = (
					"$(inherited)",
					"@executable_path/Frameworks",
				);
				PRODUCT_BUNDLE_IDENTIFIER = com.telred.clearkeep2.ios.dev;
				PRODUCT_NAME = "Clearkeep v2";
				PROVISIONING_PROFILE_SPECIFIER = "";
				SWIFT_VERSION = 4.2;
				TARGETED_DEVICE_FAMILY = 1;
			};
			name = Release;
		};
/* End XCBuildConfiguration section */

/* Begin XCConfigurationList section */
		8562184121E706B3004D53A7 /* Build configuration list for PBXProject "Clearkeep" */ = {
			isa = XCConfigurationList;
			buildConfigurations = (
				8562185621E706B5004D53A7 /* Debug */,
				8562185721E706B5004D53A7 /* Release */,
			);
			defaultConfigurationIsVisible = 0;
			defaultConfigurationName = Release;
		};
		8562185821E706B5004D53A7 /* Build configuration list for PBXNativeTarget "Clearkeep" */ = {
			isa = XCConfigurationList;
			buildConfigurations = (
				8562185921E706B5004D53A7 /* Debug */,
				8562185A21E706B5004D53A7 /* Release */,
			);
			defaultConfigurationIsVisible = 0;
			defaultConfigurationName = Release;
		};
/* End XCConfigurationList section */
	};
	rootObject = 8562183E21E706B3004D53A7 /* Project object */;
}
